
Microsoft Visual Studio Solution File, Format Version 12.00
# Visual Studio Version 16
VisualStudioVersion = 16.0.30406.217
MinimumVisualStudioVersion = 10.0.40219.1
Project("{9A19103F-16F7-4668-BE54-9A1E7A4F7556}") = "BotClient", "BotClient\BotClient.csproj", "{394B7CE6-E1C1-4605-BBE7-24911A350B8E}"
EndProject
Project("{9A19103F-16F7-4668-BE54-9A1E7A4F7556}") = "BotDataModels", "..\BotDataModels\BotDataModels\BotDataModels.csproj", "{959E3E4E-A9AE-4D1D-A76D-EC9FD2453207}"
EndProject
Project("{9A19103F-16F7-4668-BE54-9A1E7A4F7556}") = "BotMySQL", "..\BotMySQL\BotMySQL\BotMySQL.csproj", "{D6D56C1D-A795-449A-9970-F53DA78886C2}"
EndProject
Project("{9A19103F-16F7-4668-BE54-9A1E7A4F7556}") = "BotFile", "..\BotFile\BotFile\BotFile.csproj", "{DBD89B13-0437-43D0-BEC4-FF767AF51330}"
EndProject
Global
	GlobalSection(SolutionConfigurationPlatforms) = preSolution
		Debug|Any CPU = Debug|Any CPU
		Release|Any CPU = Release|Any CPU
	EndGlobalSection
	GlobalSection(ProjectConfigurationPlatforms) = postSolution
		{394B7CE6-E1C1-4605-BBE7-24911A350B8E}.Debug|Any CPU.ActiveCfg = Debug|Any CPU
		{394B7CE6-E1C1-4605-BBE7-24911A350B8E}.Debug|Any CPU.Build.0 = Debug|Any CPU
		{394B7CE6-E1C1-4605-BBE7-24911A350B8E}.Release|Any CPU.ActiveCfg = Release|Any CPU
		{394B7CE6-E1C1-4605-BBE7-24911A350B8E}.Release|Any CPU.Build.0 = Release|Any CPU
		{959E3E4E-A9AE-4D1D-A76D-EC9FD2453207}.Debug|Any CPU.ActiveCfg = Debug|Any CPU
		{959E3E4E-A9AE-4D1D-A76D-EC9FD2453207}.Debug|Any CPU.Build.0 = Debug|Any CPU
		{959E3E4E-A9AE-4D1D-A76D-EC9FD2453207}.Release|Any CPU.ActiveCfg = Release|Any CPU
		{959E3E4E-A9AE-4D1D-A76D-EC9FD2453207}.Release|Any CPU.Build.0 = Release|Any CPU
		{D6D56C1D-A795-449A-9970-F53DA78886C2}.Debug|Any CPU.ActiveCfg = Debug|Any CPU
		{D6D56C1D-A795-449A-9970-F53DA78886C2}.Debug|Any CPU.Build.0 = Debug|Any CPU
		{D6D56C1D-A795-449A-9970-F53DA78886C2}.Release|Any CPU.ActiveCfg = Release|Any CPU
		{D6D56C1D-A795-449A-9970-F53DA78886C2}.Release|Any CPU.Build.0 = Release|Any CPU
		{DBD89B13-0437-43D0-BEC4-FF767AF51330}.Debug|Any CPU.ActiveCfg = Debug|Any CPU
		{DBD89B13-0437-43D0-BEC4-FF767AF51330}.Debug|Any CPU.Build.0 = Debug|Any CPU
		{DBD89B13-0437-43D0-BEC4-FF767AF51330}.Release|Any CPU.ActiveCfg = Release|Any CPU
		{DBD89B13-0437-43D0-BEC4-FF767AF51330}.Release|Any CPU.Build.0 = Release|Any CPU
	EndGlobalSection
	GlobalSection(SolutionProperties) = preSolution
		HideSolutionNode = FALSE
	EndGlobalSection
	GlobalSection(ExtensibilityGlobals) = postSolution
		SolutionGuid = {70F79F24-1C12-49FA-8D28-5162CD002310}
	EndGlobalSection
EndGlobal
